// !$*UTF8*$!
{
	archiveVersion = 1;
	classes = {
	};
	objectVersion = 46;
	objects = {

/* Begin PBXBuildFile section */
		584125F11EDB961D00823280 /* AppDelegate.swift in Sources */ = {isa = PBXBuildFile; fileRef = 584125F01EDB961D00823280 /* AppDelegate.swift */; };
		584125F31EDB961D00823280 /* ViewController.swift in Sources */ = {isa = PBXBuildFile; fileRef = 584125F21EDB961D00823280 /* ViewController.swift */; };
		584125F61EDB961D00823280 /* Main.storyboard in Resources */ = {isa = PBXBuildFile; fileRef = 584125F41EDB961D00823280 /* Main.storyboard */; };
		584125F81EDB961D00823280 /* Assets.xcassets in Resources */ = {isa = PBXBuildFile; fileRef = 584125F71EDB961D00823280 /* Assets.xcassets */; };
		584125FB1EDB961D00823280 /* LaunchScreen.storyboard in Resources */ = {isa = PBXBuildFile; fileRef = 584125F91EDB961D00823280 /* LaunchScreen.storyboard */; };
		584126041EDB96DB00823280 /* RestKit.framework in Frameworks */ = {isa = PBXBuildFile; fileRef = 584126021EDB96DB00823280 /* RestKit.framework */; };
		584126051EDB96DB00823280 /* RestKit.framework in Embed Frameworks */ = {isa = PBXBuildFile; fileRef = 584126021EDB96DB00823280 /* RestKit.framework */; settings = {ATTRIBUTES = (CodeSignOnCopy, RemoveHeadersOnCopy, ); }; };
		584126061EDB96DB00823280 /* VisualRecognitionV3.framework in Frameworks */ = {isa = PBXBuildFile; fileRef = 584126031EDB96DB00823280 /* VisualRecognitionV3.framework */; };
		584126071EDB96DB00823280 /* VisualRecognitionV3.framework in Embed Frameworks */ = {isa = PBXBuildFile; fileRef = 584126031EDB96DB00823280 /* VisualRecognitionV3.framework */; settings = {ATTRIBUTES = (CodeSignOnCopy, RemoveHeadersOnCopy, ); }; };
		584126211EDB9E2900823280 /* Alamofire.framework in Frameworks */ = {isa = PBXBuildFile; fileRef = 5841261F1EDB9E2900823280 /* Alamofire.framework */; };
		584126221EDB9E2900823280 /* Alamofire.framework in Embed Frameworks */ = {isa = PBXBuildFile; fileRef = 5841261F1EDB9E2900823280 /* Alamofire.framework */; settings = {ATTRIBUTES = (CodeSignOnCopy, RemoveHeadersOnCopy, ); }; };
		584126281EDBA55D00823280 /* AlamofireImage.framework in Frameworks */ = {isa = PBXBuildFile; fileRef = 584126261EDBA55D00823280 /* AlamofireImage.framework */; };
		584126291EDBA55D00823280 /* AlamofireImage.framework in Embed Frameworks */ = {isa = PBXBuildFile; fileRef = 584126261EDBA55D00823280 /* AlamofireImage.framework */; settings = {ATTRIBUTES = (CodeSignOnCopy, RemoveHeadersOnCopy, ); }; };
		588F99F01EDE2D61004C4AEA /* Info.plist in Resources */ = {isa = PBXBuildFile; fileRef = 584125FC1EDB961D00823280 /* Info.plist */; };
/* End PBXBuildFile section */

/* Begin PBXCopyFilesBuildPhase section */
		584126081EDB96DB00823280 /* Embed Frameworks */ = {
			isa = PBXCopyFilesBuildPhase;
			buildActionMask = 2147483647;
			dstPath = "";
			dstSubfolderSpec = 10;
			files = (
				584126051EDB96DB00823280 /* RestKit.framework in Embed Frameworks */,
				584126221EDB9E2900823280 /* Alamofire.framework in Embed Frameworks */,
				584126071EDB96DB00823280 /* VisualRecognitionV3.framework in Embed Frameworks */,
				584126291EDBA55D00823280 /* AlamofireImage.framework in Embed Frameworks */,
			);
			name = "Embed Frameworks";
			runOnlyForDeploymentPostprocessing = 0;
		};
/* End PBXCopyFilesBuildPhase section */

/* Begin PBXFileReference section */
		584125ED1EDB961C00823280 /* WatsonJPVisual.app */ = {isa = PBXFileReference; explicitFileType = wrapper.application; includeInIndex = 0; path = WatsonJPVisual.app; sourceTree = BUILT_PRODUCTS_DIR; };
		584125F01EDB961D00823280 /* AppDelegate.swift */ = {isa = PBXFileReference; lastKnownFileType = sourcecode.swift; path = AppDelegate.swift; sourceTree = "<group>"; };
		584125F21EDB961D00823280 /* ViewController.swift */ = {isa = PBXFileReference; lastKnownFileType = sourcecode.swift; path = ViewController.swift; sourceTree = "<group>"; };
		584125F51EDB961D00823280 /* Base */ = {isa = PBXFileReference; lastKnownFileType = file.storyboard; name = Base; path = Base.lproj/Main.storyboard; sourceTree = "<group>"; };
		584125F71EDB961D00823280 /* Assets.xcassets */ = {isa = PBXFileReference; lastKnownFileType = folder.assetcatalog; path = Assets.xcassets; sourceTree = "<group>"; };
		584125FA1EDB961D00823280 /* Base */ = {isa = PBXFileReference; lastKnownFileType = file.storyboard; name = Base; path = Base.lproj/LaunchScreen.storyboard; sourceTree = "<group>"; };
		584125FC1EDB961D00823280 /* Info.plist */ = {isa = PBXFileReference; lastKnownFileType = text.plist.xml; path = Info.plist; sourceTree = "<group>"; };
		584126021EDB96DB00823280 /* RestKit.framework */ = {isa = PBXFileReference; lastKnownFileType = wrapper.framework; name = RestKit.framework; path = Carthage/Build/iOS/RestKit.framework; sourceTree = "<group>"; };
		584126031EDB96DB00823280 /* VisualRecognitionV3.framework */ = {isa = PBXFileReference; lastKnownFileType = wrapper.framework; name = VisualRecognitionV3.framework; path = Carthage/Build/iOS/VisualRecognitionV3.framework; sourceTree = "<group>"; };
		5841261F1EDB9E2900823280 /* Alamofire.framework */ = {isa = PBXFileReference; lastKnownFileType = wrapper.framework; name = Alamofire.framework; path = Carthage/Build/iOS/Alamofire.framework; sourceTree = "<group>"; };
		584126201EDB9E2900823280 /* Alamofire.framework.dSYM */ = {isa = PBXFileReference; lastKnownFileType = wrapper.dsym; name = Alamofire.framework.dSYM; path = Carthage/Build/iOS/Alamofire.framework.dSYM; sourceTree = "<group>"; };
		584126231EDBA4D000823280 /* AlamofireImage.framework */ = {isa = PBXFileReference; lastKnownFileType = wrapper.framework; name = AlamofireImage.framework; path = ../getimage/Carthage/Build/iOS/AlamofireImage.framework; sourceTree = "<group>"; };
		584126261EDBA55D00823280 /* AlamofireImage.framework */ = {isa = PBXFileReference; lastKnownFileType = wrapper.framework; name = AlamofireImage.framework; path = Carthage/Build/iOS/AlamofireImage.framework; sourceTree = "<group>"; };
		584126271EDBA55D00823280 /* AlamofireImage.framework.dSYM */ = {isa = PBXFileReference; lastKnownFileType = wrapper.dsym; name = AlamofireImage.framework.dSYM; path = Carthage/Build/iOS/AlamofireImage.framework.dSYM; sourceTree = "<group>"; };
/* End PBXFileReference section */

/* Begin PBXFrameworksBuildPhase section */
		584125EA1EDB961C00823280 /* Frameworks */ = {
			isa = PBXFrameworksBuildPhase;
			buildActionMask = 2147483647;
			files = (
				584126041EDB96DB00823280 /* RestKit.framework in Frameworks */,
				584126211EDB9E2900823280 /* Alamofire.framework in Frameworks */,
				584126061EDB96DB00823280 /* VisualRecognitionV3.framework in Frameworks */,
				584126281EDBA55D00823280 /* AlamofireImage.framework in Frameworks */,
			);
			runOnlyForDeploymentPostprocessing = 0;
		};
/* End PBXFrameworksBuildPhase section */

/* Begin PBXGroup section */
		584125E41EDB961C00823280 = {
			isa = PBXGroup;
			children = (
				584126261EDBA55D00823280 /* AlamofireImage.framework */,
				584126271EDBA55D00823280 /* AlamofireImage.framework.dSYM */,
				584126231EDBA4D000823280 /* AlamofireImage.framework */,
				5841261F1EDB9E2900823280 /* Alamofire.framework */,
				584126201EDB9E2900823280 /* Alamofire.framework.dSYM */,
				584126021EDB96DB00823280 /* RestKit.framework */,
				584126031EDB96DB00823280 /* VisualRecognitionV3.framework */,
				584125EF1EDB961C00823280 /* CarthageExample */,
				584125EE1EDB961C00823280 /* Products */,
			);
			sourceTree = "<group>";
		};
		584125EE1EDB961C00823280 /* Products */ = {
			isa = PBXGroup;
			children = (
				584125ED1EDB961C00823280 /* WatsonJPVisual.app */,
			);
			name = Products;
			sourceTree = "<group>";
		};
		584125EF1EDB961C00823280 /* CarthageExample */ = {
			isa = PBXGroup;
			children = (
				584125F01EDB961D00823280 /* AppDelegate.swift */,
				584125F21EDB961D00823280 /* ViewController.swift */,
				584125F41EDB961D00823280 /* Main.storyboard */,
				584125F71EDB961D00823280 /* Assets.xcassets */,
				584125F91EDB961D00823280 /* LaunchScreen.storyboard */,
				584125FC1EDB961D00823280 /* Info.plist */,
			);
			name = CarthageExample;
			path = WatsonJPVisual;
			sourceTree = "<group>";
		};
/* End PBXGroup section */

/* Begin PBXNativeTarget section */
		584125EC1EDB961C00823280 /* WatsonJPVisual */ = {
			isa = PBXNativeTarget;
			buildConfigurationList = 584125FF1EDB961D00823280 /* Build configuration list for PBXNativeTarget "WatsonJPVisual" */;
			buildPhases = (
				584125E91EDB961C00823280 /* Sources */,
				584125EA1EDB961C00823280 /* Frameworks */,
				584125EB1EDB961C00823280 /* Resources */,
				584126081EDB96DB00823280 /* Embed Frameworks */,
			);
			buildRules = (
			);
			dependencies = (
			);
			name = WatsonJPVisual;
			productName = CarthageExample;
			productReference = 584125ED1EDB961C00823280 /* WatsonJPVisual.app */;
			productType = "com.apple.product-type.application";
		};
/* End PBXNativeTarget section */

/* Begin PBXProject section */
		584125E51EDB961C00823280 /* Project object */ = {
			isa = PBXProject;
			attributes = {
				LastSwiftUpdateCheck = 0810;
				LastUpgradeCheck = 0810;
				ORGANIZATIONNAME = "John Papajani";
				TargetAttributes = {
					584125EC1EDB961C00823280 = {
						CreatedOnToolsVersion = 8.1;
						DevelopmentTeam = QZF28S7TXZ;
						ProvisioningStyle = Automatic;
					};
				};
			};
			buildConfigurationList = 584125E81EDB961C00823280 /* Build configuration list for PBXProject "WatsonJPVisual" */;
			compatibilityVersion = "Xcode 3.2";
			developmentRegion = English;
			hasScannedForEncodings = 0;
			knownRegions = (
				en,
				Base,
			);
			mainGroup = 584125E41EDB961C00823280;
			productRefGroup = 584125EE1EDB961C00823280 /* Products */;
			projectDirPath = "";
			projectRoot = "";
			targets = (
				584125EC1EDB961C00823280 /* WatsonJPVisual */,
			);
		};
/* End PBXProject section */

/* Begin PBXResourcesBuildPhase section */
		584125EB1EDB961C00823280 /* Resources */ = {
			isa = PBXResourcesBuildPhase;
			buildActionMask = 2147483647;
			files = (
				588F99F01EDE2D61004C4AEA /* Info.plist in Resources */,
				584125FB1EDB961D00823280 /* LaunchScreen.storyboard in Resources */,
				584125F81EDB961D00823280 /* Assets.xcassets in Resources */,
				584125F61EDB961D00823280 /* Main.storyboard in Resources */,
			);
			runOnlyForDeploymentPostprocessing = 0;
		};
/* End PBXResourcesBuildPhase section */

/* Begin PBXSourcesBuildPhase section */
		584125E91EDB961C00823280 /* Sources */ = {
			isa = PBXSourcesBuildPhase;
			buildActionMask = 2147483647;
			files = (
				584125F31EDB961D00823280 /* ViewController.swift in Sources */,
				584125F11EDB961D00823280 /* AppDelegate.swift in Sources */,
			);
			runOnlyForDeploymentPostprocessing = 0;
		};
/* End PBXSourcesBuildPhase section */

/* Begin PBXVariantGroup section */
		584125F41EDB961D00823280 /* Main.storyboard */ = {
			isa = PBXVariantGroup;
			children = (
				584125F51EDB961D00823280 /* Base */,
			);
			name = Main.storyboard;
			sourceTree = "<group>";
		};
		584125F91EDB961D00823280 /* LaunchScreen.storyboard */ = {
			isa = PBXVariantGroup;
			children = (
				584125FA1EDB961D00823280 /* Base */,
			);
			name = LaunchScreen.storyboard;
			sourceTree = "<group>";
		};
/* End PBXVariantGroup section */

/* Begin XCBuildConfiguration section */
		584125FD1EDB961D00823280 /* Debug */ = {
			isa = XCBuildConfiguration;
			buildSettings = {
				ALWAYS_SEARCH_USER_PATHS = NO;
				CLANG_ANALYZER_NONNULL = YES;
				CLANG_CXX_LANGUAGE_STANDARD = "gnu++0x";
				CLANG_CXX_LIBRARY = "libc++";
				CLANG_ENABLE_MODULES = YES;
				CLANG_ENABLE_OBJC_ARC = YES;
				CLANG_WARN_BOOL_CONVERSION = YES;
				CLANG_WARN_CONSTANT_CONVERSION = YES;
				CLANG_WARN_DIRECT_OBJC_ISA_USAGE = YES_ERROR;
				CLANG_WARN_DOCUMENTATION_COMMENTS = YES;
				CLANG_WARN_EMPTY_BODY = YES;
				CLANG_WARN_ENUM_CONVERSION = YES;
				CLANG_WARN_INFINITE_RECURSION = YES;
				CLANG_WARN_INT_CONVERSION = YES;
				CLANG_WARN_OBJC_ROOT_CLASS = YES_ERROR;
				CLANG_WARN_SUSPICIOUS_MOVES = YES;
				CLANG_WARN_UNREACHABLE_CODE = YES;
				CLANG_WARN__DUPLICATE_METHOD_MATCH = YES;
				"CODE_SIGN_IDENTITY[sdk=iphoneos*]" = "iPhone Developer";
				COPY_PHASE_STRIP = NO;
				DEBUG_INFORMATION_FORMAT = dwarf;
				ENABLE_STRICT_OBJC_MSGSEND = YES;
				ENABLE_TESTABILITY = YES;
				GCC_C_LANGUAGE_STANDARD = gnu99;
				GCC_DYNAMIC_NO_PIC = NO;
				GCC_NO_COMMON_BLOCKS = YES;
				GCC_OPTIMIZATION_LEVEL = 0;
				GCC_PREPROCESSOR_DEFINITIONS = (
					"DEBUG=1",
					"$(inherited)",
				);
				GCC_WARN_64_TO_32_BIT_CONVERSION = YES;
				GCC_WARN_ABOUT_RETURN_TYPE = YES_ERROR;
				GCC_WARN_UNDECLARED_SELECTOR = YES;
				GCC_WARN_UNINITIALIZED_AUTOS = YES_AGGRESSIVE;
				GCC_WARN_UNUSED_FUNCTION = YES;
				GCC_WARN_UNUSED_VARIABLE = YES;
				IPHONEOS_DEPLOYMENT_TARGET = 10.1;
				MTL_ENABLE_DEBUG_INFO = YES;
				ONLY_ACTIVE_ARCH = YES;
				SDKROOT = iphoneos;
				SWIFT_ACTIVE_COMPILATION_CONDITIONS = DEBUG;
				SWIFT_OPTIMIZATION_LEVEL = "-Onone";
			};
			name = Debug;
		};
		584125FE1EDB961D00823280 /* Release */ = {
			isa = XCBuildConfiguration;
			buildSettings = {
				ALWAYS_SEARCH_USER_PATHS = NO;
				CLANG_ANALYZER_NONNULL = YES;
				CLANG_CXX_LANGUAGE_STANDARD = "gnu++0x";
				CLANG_CXX_LIBRARY = "libc++";
				CLANG_ENABLE_MODULES = YES;
				CLANG_ENABLE_OBJC_ARC = YES;
				CLANG_WARN_BOOL_CONVERSION = YES;
				CLANG_WARN_CONSTANT_CONVERSION = YES;
				CLANG_WARN_DIRECT_OBJC_ISA_USAGE = YES_ERROR;
				CLANG_WARN_DOCUMENTATION_COMMENTS = YES;
				CLANG_WARN_EMPTY_BODY = YES;
				CLANG_WARN_ENUM_CONVERSION = YES;
				CLANG_WARN_INFINITE_RECURSION = YES;
				CLANG_WARN_INT_CONVERSION = YES;
				CLANG_WARN_OBJC_ROOT_CLASS = YES_ERROR;
				CLANG_WARN_SUSPICIOUS_MOVES = YES;
				CLANG_WARN_UNREACHABLE_CODE = YES;
				CLANG_WARN__DUPLICATE_METHOD_MATCH = YES;
				"CODE_SIGN_IDENTITY[sdk=iphoneos*]" = "iPhone Developer";
				COPY_PHASE_STRIP = NO;
				DEBUG_INFORMATION_FORMAT = "dwarf-with-dsym";
				ENABLE_NS_ASSERTIONS = NO;
				ENABLE_STRICT_OBJC_MSGSEND = YES;
				GCC_C_LANGUAGE_STANDARD = gnu99;
				GCC_NO_COMMON_BLOCKS = YES;
				GCC_WARN_64_TO_32_BIT_CONVERSION = YES;
				GCC_WARN_ABOUT_RETURN_TYPE = YES_ERROR;
				GCC_WARN_UNDECLARED_SELECTOR = YES;
				GCC_WARN_UNINITIALIZED_AUTOS = YES_AGGRESSIVE;
				GCC_WARN_UNUSED_FUNCTION = YES;
				GCC_WARN_UNUSED_VARIABLE = YES;
				IPHONEOS_DEPLOYMENT_TARGET = 10.1;
				MTL_ENABLE_DEBUG_INFO = NO;
				SDKROOT = iphoneos;
				SWIFT_OPTIMIZATION_LEVEL = "-Owholemodule";
				VALIDATE_PRODUCT = YES;
			};
			name = Release;
		};
		584126001EDB961D00823280 /* Debug */ = {
			isa = XCBuildConfiguration;
			buildSettings = {
				ASSETCATALOG_COMPILER_APPICON_NAME = AppIcon;
				DEVELOPMENT_TEAM = QZF28S7TXZ;
				FRAMEWORK_SEARCH_PATHS = (
					"$(inherited)",
					"$(PROJECT_DIR)/Carthage/Build/iOS",
				);
				INFOPLIST_FILE = WatsonJPVisual/Info.plist;
				IPHONEOS_DEPLOYMENT_TARGET = 9.3;
				LD_RUNPATH_SEARCH_PATHS = "$(inherited) @executable_path/Frameworks";
				PRODUCT_BUNDLE_IDENTIFIER = jp.CarthageExample;
				PRODUCT_NAME = "$(TARGET_NAME)";
				SWIFT_VERSION = 3.0;
			};
			name = Debug;
		};
		584126011EDB961D00823280 /* Release */ = {
			isa = XCBuildConfiguration;
			buildSettings = {
				ASSETCATALOG_COMPILER_APPICON_NAME = AppIcon;
				DEVELOPMENT_TEAM = QZF28S7TXZ;
				FRAMEWORK_SEARCH_PATHS = (
					"$(inherited)",
					"$(PROJECT_DIR)/Carthage/Build/iOS",
				);
				INFOPLIST_FILE = WatsonJPVisual/Info.plist;
				IPHONEOS_DEPLOYMENT_TARGET = 9.3;
				LD_RUNPATH_SEARCH_PATHS = "$(inherited) @executable_path/Frameworks";
				PRODUCT_BUNDLE_IDENTIFIER = jp.CarthageExample;
				PRODUCT_NAME = "$(TARGET_NAME)";
				SWIFT_VERSION = 3.0;
			};
			name = Release;
		};
/* End XCBuildConfiguration section */

/* Begin XCConfigurationList section */
		584125E81EDB961C00823280 /* Build configuration list for PBXProject "WatsonJPVisual" */ = {
			isa = XCConfigurationList;
			buildConfigurations = (
				584125FD1EDB961D00823280 /* Debug */,
				584125FE1EDB961D00823280 /* Release */,
			);
			defaultConfigurationIsVisible = 0;
			defaultConfigurationName = Release;
		};
		584125FF1EDB961D00823280 /* Build configuration list for PBXNativeTarget "WatsonJPVisual" */ = {
			isa = XCConfigurationList;
			buildConfigurations = (
				584126001EDB961D00823280 /* Debug */,
				584126011EDB961D00823280 /* Release */,
			);
			defaultConfigurationIsVisible = 0;
			defaultConfigurationName = Release;
		};
/* End XCConfigurationList section */
	};
	rootObject = 584125E51EDB961C00823280 /* Project object */;
}
